// !$*UTF8*$!
{
	archiveVersion = 1;
	classes = {
	};
	objectVersion = 77;
	objects = {

/* Begin PBXContainerItemProxy section */
		F37AA7F52CA17994003A0418 /* PBXContainerItemProxy */ = {
			isa = PBXContainerItemProxy;
			containerPortal = F37AA7DC2CA17992003A0418 /* Project object */;
			proxyType = 1;
			remoteGlobalIDString = F37AA7E32CA17992003A0418;
			remoteInfo = "your-spot";
		};
		F37AA7FF2CA17994003A0418 /* PBXContainerItemProxy */ = {
			isa = PBXContainerItemProxy;
			containerPortal = F37AA7DC2CA17992003A0418 /* Project object */;
			proxyType = 1;
			remoteGlobalIDString = F37AA7E32CA17992003A0418;
			remoteInfo = "your-spot";
		};
/* End PBXContainerItemProxy section */

/* Begin PBXFileReference section */
		F37AA7E42CA17992003A0418 /* your-spot.app */ = {isa = PBXFileReference; explicitFileType = wrapper.application; includeInIndex = 0; path = "your-spot.app"; sourceTree = BUILT_PRODUCTS_DIR; };
		F37AA7F42CA17994003A0418 /* your-spotTests.xctest */ = {isa = PBXFileReference; explicitFileType = wrapper.cfbundle; includeInIndex = 0; path = "your-spotTests.xctest"; sourceTree = BUILT_PRODUCTS_DIR; };
		F37AA7FE2CA17994003A0418 /* your-spotUITests.xctest */ = {isa = PBXFileReference; explicitFileType = wrapper.cfbundle; includeInIndex = 0; path = "your-spotUITests.xctest"; sourceTree = BUILT_PRODUCTS_DIR; };
/* End PBXFileReference section */

/* Begin PBXFileSystemSynchronizedRootGroup section */
		F37AA7E62CA17992003A0418 /* your-spot */ = {
			isa = PBXFileSystemSynchronizedRootGroup;
			path = "your-spot";
			sourceTree = "<group>";
		};
		F37AA7F72CA17994003A0418 /* your-spotTests */ = {
			isa = PBXFileSystemSynchronizedRootGroup;
			path = "your-spotTests";
			sourceTree = "<group>";
		};
		F37AA8012CA17994003A0418 /* your-spotUITests */ = {
			isa = PBXFileSystemSynchronizedRootGroup;
			path = "your-spotUITests";
			sourceTree = "<group>";
		};
/* End PBXFileSystemSynchronizedRootGroup section */

/* Begin PBXFrameworksBuildPhase section */
		F37AA7E12CA17992003A0418 /* Frameworks */ = {
			isa = PBXFrameworksBuildPhase;
			buildActionMask = 2147483647;
			files = (
			);
			runOnlyForDeploymentPostprocessing = 0;
		};
		F37AA7F12CA17994003A0418 /* Frameworks */ = {
			isa = PBXFrameworksBuildPhase;
			buildActionMask = 2147483647;
			files = (
			);
			runOnlyForDeploymentPostprocessing = 0;
		};
		F37AA7FB2CA17994003A0418 /* Frameworks */ = {
			isa = PBXFrameworksBuildPhase;
			buildActionMask = 2147483647;
			files = (
			);
			runOnlyForDeploymentPostprocessing = 0;
		};
/* End PBXFrameworksBuildPhase section */

/* Begin PBXGroup section */
		F37AA7DB2CA17992003A0418 = {
			isa = PBXGroup;
			children = (
				F37AA7E62CA17992003A0418 /* your-spot */,
				F37AA7F72CA17994003A0418 /* your-spotTests */,
				F37AA8012CA17994003A0418 /* your-spotUITests */,
				F37AA7E52CA17992003A0418 /* Products */,
			);
			sourceTree = "<group>";
		};
		F37AA7E52CA17992003A0418 /* Products */ = {
			isa = PBXGroup;
			children = (
				F37AA7E42CA17992003A0418 /* your-spot.app */,
				F37AA7F42CA17994003A0418 /* your-spotTests.xctest */,
				F37AA7FE2CA17994003A0418 /* your-spotUITests.xctest */,
			);
			name = Products;
			sourceTree = "<group>";
		};
/* End PBXGroup section */

/* Begin PBXNativeTarget section */
		F37AA7E32CA17992003A0418 /* your-spot */ = {
			isa = PBXNativeTarget;
			buildConfigurationList = F37AA8082CA17994003A0418 /* Build configuration list for PBXNativeTarget "your-spot" */;
			buildPhases = (
				F37AA7E02CA17992003A0418 /* Sources */,
				F37AA7E12CA17992003A0418 /* Frameworks */,
				F37AA7E22CA17992003A0418 /* Resources */,
			);
			buildRules = (
			);
			dependencies = (
			);
			fileSystemSynchronizedGroups = (
				F37AA7E62CA17992003A0418 /* your-spot */,
			);
			name = "your-spot";
			packageProductDependencies = (
			);
			productName = "your-spot";
			productReference = F37AA7E42CA17992003A0418 /* your-spot.app */;
			productType = "com.apple.product-type.application";
		};
		F37AA7F32CA17994003A0418 /* your-spotTests */ = {
			isa = PBXNativeTarget;
			buildConfigurationList = F37AA80B2CA17994003A0418 /* Build configuration list for PBXNativeTarget "your-spotTests" */;
			buildPhases = (
				F37AA7F02CA17994003A0418 /* Sources */,
				F37AA7F12CA17994003A0418 /* Frameworks */,
				F37AA7F22CA17994003A0418 /* Resources */,
			);
			buildRules = (
			);
			dependencies = (
				F37AA7F62CA17994003A0418 /* PBXTargetDependency */,
			);
			fileSystemSynchronizedGroups = (
				F37AA7F72CA17994003A0418 /* your-spotTests */,
			);
			name = "your-spotTests";
			packageProductDependencies = (
			);
			productName = "your-spotTests";
			productReference = F37AA7F42CA17994003A0418 /* your-spotTests.xctest */;
			productType = "com.apple.product-type.bundle.unit-test";
		};
		F37AA7FD2CA17994003A0418 /* your-spotUITests */ = {
			isa = PBXNativeTarget;
			buildConfigurationList = F37AA80E2CA17994003A0418 /* Build configuration list for PBXNativeTarget "your-spotUITests" */;
			buildPhases = (
				F37AA7FA2CA17994003A0418 /* Sources */,
				F37AA7FB2CA17994003A0418 /* Frameworks */,
				F37AA7FC2CA17994003A0418 /* Resources */,
			);
			buildRules = (
			);
			dependencies = (
				F37AA8002CA17994003A0418 /* PBXTargetDependency */,
			);
			fileSystemSynchronizedGroups = (
				F37AA8012CA17994003A0418 /* your-spotUITests */,
			);
			name = "your-spotUITests";
			packageProductDependencies = (
			);
			productName = "your-spotUITests";
			productReference = F37AA7FE2CA17994003A0418 /* your-spotUITests.xctest */;
			productType = "com.apple.product-type.bundle.ui-testing";
		};
/* End PBXNativeTarget section */

/* Begin PBXProject section */
		F37AA7DC2CA17992003A0418 /* Project object */ = {
			isa = PBXProject;
			attributes = {
				BuildIndependentTargetsInParallel = 1;
				LastSwiftUpdateCheck = 1600;
				LastUpgradeCheck = 1600;
				TargetAttributes = {
					F37AA7E32CA17992003A0418 = {
						CreatedOnToolsVersion = 16.0;
					};
					F37AA7F32CA17994003A0418 = {
						CreatedOnToolsVersion = 16.0;
						TestTargetID = F37AA7E32CA17992003A0418;
					};
					F37AA7FD2CA17994003A0418 = {
						CreatedOnToolsVersion = 16.0;
						TestTargetID = F37AA7E32CA17992003A0418;
					};
				};
			};
			buildConfigurationList = F37AA7DF2CA17992003A0418 /* Build configuration list for PBXProject "your-spot" */;
			developmentRegion = en;
			hasScannedForEncodings = 0;
			knownRegions = (
				en,
				Base,
			);
			mainGroup = F37AA7DB2CA17992003A0418;
			minimizedProjectReferenceProxies = 1;
			preferredProjectObjectVersion = 77;
			productRefGroup = F37AA7E52CA17992003A0418 /* Products */;
			projectDirPath = "";
			projectRoot = "";
			targets = (
				F37AA7E32CA17992003A0418 /* your-spot */,
				F37AA7F32CA17994003A0418 /* your-spotTests */,
				F37AA7FD2CA17994003A0418 /* your-spotUITests */,
			);
		};
/* End PBXProject section */

/* Begin PBXResourcesBuildPhase section */
		F37AA7E22CA17992003A0418 /* Resources */ = {
			isa = PBXResourcesBuildPhase;
			buildActionMask = 2147483647;
			files = (
			);
			runOnlyForDeploymentPostprocessing = 0;
		};
		F37AA7F22CA17994003A0418 /* Resources */ = {
			isa = PBXResourcesBuildPhase;
			buildActionMask = 2147483647;
			files = (
			);
			runOnlyForDeploymentPostprocessing = 0;
		};
		F37AA7FC2CA17994003A0418 /* Resources */ = {
			isa = PBXResourcesBuildPhase;
			buildActionMask = 2147483647;
			files = (
			);
			runOnlyForDeploymentPostprocessing = 0;
		};
/* End PBXResourcesBuildPhase section */

/* Begin PBXSourcesBuildPhase section */
		F37AA7E02CA17992003A0418 /* Sources */ = {
			isa = PBXSourcesBuildPhase;
			buildActionMask = 2147483647;
			files = (
			);
			runOnlyForDeploymentPostprocessing = 0;
		};
		F37AA7F02CA17994003A0418 /* Sources */ = {
			isa = PBXSourcesBuildPhase;
			buildActionMask = 2147483647;
			files = (
			);
			runOnlyForDeploymentPostprocessing = 0;
		};
		F37AA7FA2CA17994003A0418 /* Sources */ = {
			isa = PBXSourcesBuildPhase;
			buildActionMask = 2147483647;
			files = (
			);
			runOnlyForDeploymentPostprocessing = 0;
		};
/* End PBXSourcesBuildPhase section */

/* Begin PBXTargetDependency section */
		F37AA7F62CA17994003A0418 /* PBXTargetDependency */ = {
			isa = PBXTargetDependency;
			target = F37AA7E32CA17992003A0418 /* your-spot */;
			targetProxy = F37AA7F52CA17994003A0418 /* PBXContainerItemProxy */;
		};
		F37AA8002CA17994003A0418 /* PBXTargetDependency */ = {
			isa = PBXTargetDependency;
			target = F37AA7E32CA17992003A0418 /* your-spot */;
			targetProxy = F37AA7FF2CA17994003A0418 /* PBXContainerItemProxy */;
		};
/* End PBXTargetDependency section */

/* Begin XCBuildConfiguration section */
		F37AA8062CA17994003A0418 /* Debug */ = {
			isa = XCBuildConfiguration;
			buildSettings = {
				ALWAYS_SEARCH_USER_PATHS = NO;
				ASSETCATALOG_COMPILER_GENERATE_SWIFT_ASSET_SYMBOL_EXTENSIONS = YES;
				CLANG_ANALYZER_NONNULL = YES;
				CLANG_ANALYZER_NUMBER_OBJECT_CONVERSION = YES_AGGRESSIVE;
				CLANG_CXX_LANGUAGE_STANDARD = "gnu++20";
				CLANG_ENABLE_MODULES = YES;
				CLANG_ENABLE_OBJC_ARC = YES;
				CLANG_ENABLE_OBJC_WEAK = YES;
				CLANG_WARN_BLOCK_CAPTURE_AUTORELEASING = YES;
				CLANG_WARN_BOOL_CONVERSION = YES;
				CLANG_WARN_COMMA = YES;
				CLANG_WARN_CONSTANT_CONVERSION = YES;
				CLANG_WARN_DEPRECATED_OBJC_IMPLEMENTATIONS = YES;
				CLANG_WARN_DIRECT_OBJC_ISA_USAGE = YES_ERROR;
				CLANG_WARN_DOCUMENTATION_COMMENTS = YES;
				CLANG_WARN_EMPTY_BODY = YES;
				CLANG_WARN_ENUM_CONVERSION = YES;
				CLANG_WARN_INFINITE_RECURSION = YES;
				CLANG_WARN_INT_CONVERSION = YES;
				CLANG_WARN_NON_LITERAL_NULL_CONVERSION = YES;
				CLANG_WARN_OBJC_IMPLICIT_RETAIN_SELF = YES;
				CLANG_WARN_OBJC_LITERAL_CONVERSION = YES;
				CLANG_WARN_OBJC_ROOT_CLASS = YES_ERROR;
				CLANG_WARN_QUOTED_INCLUDE_IN_FRAMEWORK_HEADER = YES;
				CLANG_WARN_RANGE_LOOP_ANALYSIS = YES;
				CLANG_WARN_STRICT_PROTOTYPES = YES;
				CLANG_WARN_SUSPICIOUS_MOVE = YES;
				CLANG_WARN_UNGUARDED_AVAILABILITY = YES_AGGRESSIVE;
				CLANG_WARN_UNREACHABLE_CODE = YES;
				CLANG_WARN__DUPLICATE_METHOD_MATCH = YES;
				COPY_PHASE_STRIP = NO;
				DEBUG_INFORMATION_FORMAT = dwarf;
				ENABLE_STRICT_OBJC_MSGSEND = YES;
				ENABLE_TESTABILITY = YES;
				ENABLE_USER_SCRIPT_SANDBOXING = YES;
				GCC_C_LANGUAGE_STANDARD = gnu17;
				GCC_DYNAMIC_NO_PIC = NO;
				GCC_NO_COMMON_BLOCKS = YES;
				GCC_OPTIMIZATION_LEVEL = 0;
				GCC_PREPROCESSOR_DEFINITIONS = (
					"DEBUG=1",
					"$(inherited)",
				);
				GCC_WARN_64_TO_32_BIT_CONVERSION = YES;
				GCC_WARN_ABOUT_RETURN_TYPE = YES_ERROR;
				GCC_WARN_UNDECLARED_SELECTOR = YES;
				GCC_WARN_UNINITIALIZED_AUTOS = YES_AGGRESSIVE;
				GCC_WARN_UNUSED_FUNCTION = YES;
				GCC_WARN_UNUSED_VARIABLE = YES;
				IPHONEOS_DEPLOYMENT_TARGET = 18.0;
				LOCALIZATION_PREFERS_STRING_CATALOGS = YES;
				MTL_ENABLE_DEBUG_INFO = INCLUDE_SOURCE;
				MTL_FAST_MATH = YES;
				ONLY_ACTIVE_ARCH = YES;
				SDKROOT = iphoneos;
				SWIFT_ACTIVE_COMPILATION_CONDITIONS = "DEBUG $(inherited)";
				SWIFT_OPTIMIZATION_LEVEL = "-Onone";
			};
			name = Debug;
		};
		F37AA8072CA17994003A0418 /* Release */ = {
			isa = XCBuildConfiguration;
			buildSettings = {
				ALWAYS_SEARCH_USER_PATHS = NO;
				ASSETCATALOG_COMPILER_GENERATE_SWIFT_ASSET_SYMBOL_EXTENSIONS = YES;
				CLANG_ANALYZER_NONNULL = YES;
				CLANG_ANALYZER_NUMBER_OBJECT_CONVERSION = YES_AGGRESSIVE;
				CLANG_CXX_LANGUAGE_STANDARD = "gnu++20";
				CLANG_ENABLE_MODULES = YES;
				CLANG_ENABLE_OBJC_ARC = YES;
				CLANG_ENABLE_OBJC_WEAK = YES;
				CLANG_WARN_BLOCK_CAPTURE_AUTORELEASING = YES;
				CLANG_WARN_BOOL_CONVERSION = YES;
				CLANG_WARN_COMMA = YES;
				CLANG_WARN_CONSTANT_CONVERSION = YES;
				CLANG_WARN_DEPRECATED_OBJC_IMPLEMENTATIONS = YES;
				CLANG_WARN_DIRECT_OBJC_ISA_USAGE = YES_ERROR;
				CLANG_WARN_DOCUMENTATION_COMMENTS = YES;
				CLANG_WARN_EMPTY_BODY = YES;
				CLANG_WARN_ENUM_CONVERSION = YES;
				CLANG_WARN_INFINITE_RECURSION = YES;
				CLANG_WARN_INT_CONVERSION = YES;
				CLANG_WARN_NON_LITERAL_NULL_CONVERSION = YES;
				CLANG_WARN_OBJC_IMPLICIT_RETAIN_SELF = YES;
				CLANG_WARN_OBJC_LITERAL_CONVERSION = YES;
				CLANG_WARN_OBJC_ROOT_CLASS = YES_ERROR;
				CLANG_WARN_QUOTED_INCLUDE_IN_FRAMEWORK_HEADER = YES;
				CLANG_WARN_RANGE_LOOP_ANALYSIS = YES;
				CLANG_WARN_STRICT_PROTOTYPES = YES;
				CLANG_WARN_SUSPICIOUS_MOVE = YES;
				CLANG_WARN_UNGUARDED_AVAILABILITY = YES_AGGRESSIVE;
				CLANG_WARN_UNREACHABLE_CODE = YES;
				CLANG_WARN__DUPLICATE_METHOD_MATCH = YES;
				COPY_PHASE_STRIP = NO;
				DEBUG_INFORMATION_FORMAT = "dwarf-with-dsym";
				ENABLE_NS_ASSERTIONS = NO;
				ENABLE_STRICT_OBJC_MSGSEND = YES;
				ENABLE_USER_SCRIPT_SANDBOXING = YES;
				GCC_C_LANGUAGE_STANDARD = gnu17;
				GCC_NO_COMMON_BLOCKS = YES;
				GCC_WARN_64_TO_32_BIT_CONVERSION = YES;
				GCC_WARN_ABOUT_RETURN_TYPE = YES_ERROR;
				GCC_WARN_UNDECLARED_SELECTOR = YES;
				GCC_WARN_UNINITIALIZED_AUTOS = YES_AGGRESSIVE;
				GCC_WARN_UNUSED_FUNCTION = YES;
				GCC_WARN_UNUSED_VARIABLE = YES;
				IPHONEOS_DEPLOYMENT_TARGET = 18.0;
				LOCALIZATION_PREFERS_STRING_CATALOGS = YES;
				MTL_ENABLE_DEBUG_INFO = NO;
				MTL_FAST_MATH = YES;
				SDKROOT = iphoneos;
				SWIFT_COMPILATION_MODE = wholemodule;
				VALIDATE_PRODUCT = YES;
			};
			name = Release;
		};
		F37AA8092CA17994003A0418 /* Debug */ = {
			isa = XCBuildConfiguration;
			buildSettings = {
				ASSETCATALOG_COMPILER_APPICON_NAME = AppIcon;
				ASSETCATALOG_COMPILER_GLOBAL_ACCENT_COLOR_NAME = AccentColor;
				CODE_SIGN_STYLE = Automatic;
				CURRENT_PROJECT_VERSION = 1;
				DEVELOPMENT_ASSET_PATHS = "\"your-spot/Preview Content\"";
				DEVELOPMENT_TEAM = 7Y978XYJ2G;
				ENABLE_PREVIEWS = YES;
				GENERATE_INFOPLIST_FILE = YES;
				INFOPLIST_KEY_UIApplicationSceneManifest_Generation = YES;
				INFOPLIST_KEY_UIApplicationSupportsIndirectInputEvents = YES;
				INFOPLIST_KEY_UILaunchScreen_Generation = YES;
				INFOPLIST_KEY_UISupportedInterfaceOrientations_iPad = "UIInterfaceOrientationPortrait UIInterfaceOrientationPortraitUpsideDown UIInterfaceOrientationLandscapeLeft UIInterfaceOrientationLandscapeRight";
				INFOPLIST_KEY_UISupportedInterfaceOrientations_iPhone = "UIInterfaceOrientationPortrait UIInterfaceOrientationLandscapeLeft UIInterfaceOrientationLandscapeRight";
				LD_RUNPATH_SEARCH_PATHS = (
					"$(inherited)",
					"@executable_path/Frameworks",
				);
				MARKETING_VERSION = 1.0;
				PRODUCT_BUNDLE_IDENTIFIER = "mngapp.your-spot";
				PRODUCT_NAME = "$(TARGET_NAME)";
				SWIFT_EMIT_LOC_STRINGS = YES;
				SWIFT_VERSION = 5.0;
				TARGETED_DEVICE_FAMILY = "1,2";
			};
			name = Debug;
		};
		F37AA80A2CA17994003A0418 /* Release */ = {
			isa = XCBuildConfiguration;
			buildSettings = {
				ASSETCATALOG_COMPILER_APPICON_NAME = AppIcon;
				ASSETCATALOG_COMPILER_GLOBAL_ACCENT_COLOR_NAME = AccentColor;
				CODE_SIGN_STYLE = Automatic;
				CURRENT_PROJECT_VERSION = 1;
				DEVELOPMENT_ASSET_PATHS = "\"your-spot/Preview Content\"";
				DEVELOPMENT_TEAM = 7Y978XYJ2G;
				ENABLE_PREVIEWS = YES;
				GENERATE_INFOPLIST_FILE = YES;
				INFOPLIST_KEY_UIApplicationSceneManifest_Generation = YES;
				INFOPLIST_KEY_UIApplicationSupportsIndirectInputEvents = YES;
				INFOPLIST_KEY_UILaunchScreen_Generation = YES;
				INFOPLIST_KEY_UISupportedInterfaceOrientations_iPad = "UIInterfaceOrientationPortrait UIInterfaceOrientationPortraitUpsideDown UIInterfaceOrientationLandscapeLeft UIInterfaceOrientationLandscapeRight";
				INFOPLIST_KEY_UISupportedInterfaceOrientations_iPhone = "UIInterfaceOrientationPortrait UIInterfaceOrientationLandscapeLeft UIInterfaceOrientationLandscapeRight";
				LD_RUNPATH_SEARCH_PATHS = (
					"$(inherited)",
					"@executable_path/Frameworks",
				);
				MARKETING_VERSION = 1.0;
				PRODUCT_BUNDLE_IDENTIFIER = "mngapp.your-spot";
				PRODUCT_NAME = "$(TARGET_NAME)";
				SWIFT_EMIT_LOC_STRINGS = YES;
				SWIFT_VERSION = 5.0;
				TARGETED_DEVICE_FAMILY = "1,2";
			};
			name = Release;
		};
		F37AA80C2CA17994003A0418 /* Debug */ = {
			isa = XCBuildConfiguration;
			buildSettings = {
				BUNDLE_LOADER = "$(TEST_HOST)";
				CODE_SIGN_STYLE = Automatic;
				CURRENT_PROJECT_VERSION = 1;
				DEVELOPMENT_TEAM = 7Y978XYJ2G;
				GENERATE_INFOPLIST_FILE = YES;
				IPHONEOS_DEPLOYMENT_TARGET = 18.0;
				MARKETING_VERSION = 1.0;
				PRODUCT_BUNDLE_IDENTIFIER = "mngapp.your-spotTests";
				PRODUCT_NAME = "$(TARGET_NAME)";
				SWIFT_EMIT_LOC_STRINGS = NO;
				SWIFT_VERSION = 5.0;
				TARGETED_DEVICE_FAMILY = "1,2";
				TEST_HOST = "$(BUILT_PRODUCTS_DIR)/your-spot.app/$(BUNDLE_EXECUTABLE_FOLDER_PATH)/your-spot";
			};
			name = Debug;
		};
		F37AA80D2CA17994003A0418 /* Release */ = {
			isa = XCBuildConfiguration;
			buildSettings = {
				BUNDLE_LOADER = "$(TEST_HOST)";
				CODE_SIGN_STYLE = Automatic;
				CURRENT_PROJECT_VERSION = 1;
				DEVELOPMENT_TEAM = 7Y978XYJ2G;
				GENERATE_INFOPLIST_FILE = YES;
				IPHONEOS_DEPLOYMENT_TARGET = 18.0;
				MARKETING_VERSION = 1.0;
				PRODUCT_BUNDLE_IDENTIFIER = "mngapp.your-spotTests";
				PRODUCT_NAME = "$(TARGET_NAME)";
				SWIFT_EMIT_LOC_STRINGS = NO;
				SWIFT_VERSION = 5.0;
				TARGETED_DEVICE_FAMILY = "1,2";
				TEST_HOST = "$(BUILT_PRODUCTS_DIR)/your-spot.app/$(BUNDLE_EXECUTABLE_FOLDER_PATH)/your-spot";
			};
			name = Release;
		};
		F37AA80F2CA17994003A0418 /* Debug */ = {
			isa = XCBuildConfiguration;
			buildSettings = {
				CODE_SIGN_STYLE = Automatic;
				CURRENT_PROJECT_VERSION = 1;
				DEVELOPMENT_TEAM = 7Y978XYJ2G;
				GENERATE_INFOPLIST_FILE = YES;
				MARKETING_VERSION = 1.0;
				PRODUCT_BUNDLE_IDENTIFIER = "mngapp.your-spotUITests";
				PRODUCT_NAME = "$(TARGET_NAME)";
				SWIFT_EMIT_LOC_STRINGS = NO;
				SWIFT_VERSION = 5.0;
				TARGETED_DEVICE_FAMILY = "1,2";
				TEST_TARGET_NAME = "your-spot";
			};
			name = Debug;
		};
		F37AA8102CA17994003A0418 /* Release */ = {
			isa = XCBuildConfiguration;
			buildSettings = {
				CODE_SIGN_STYLE = Automatic;
				CURRENT_PROJECT_VERSION = 1;
				DEVELOPMENT_TEAM = 7Y978XYJ2G;
				GENERATE_INFOPLIST_FILE = YES;
				MARKETING_VERSION = 1.0;
				PRODUCT_BUNDLE_IDENTIFIER = "mngapp.your-spotUITests";
				PRODUCT_NAME = "$(TARGET_NAME)";
				SWIFT_EMIT_LOC_STRINGS = NO;
				SWIFT_VERSION = 5.0;
				TARGETED_DEVICE_FAMILY = "1,2";
				TEST_TARGET_NAME = "your-spot";
			};
			name = Release;
		};
/* End XCBuildConfiguration section */

/* Begin XCConfigurationList section */
		F37AA7DF2CA17992003A0418 /* Build configuration list for PBXProject "your-spot" */ = {
			isa = XCConfigurationList;
			buildConfigurations = (
				F37AA8062CA17994003A0418 /* Debug */,
				F37AA8072CA17994003A0418 /* Release */,
			);
			defaultConfigurationIsVisible = 0;
			defaultConfigurationName = Release;
		};
		F37AA8082CA17994003A0418 /* Build configuration list for PBXNativeTarget "your-spot" */ = {
			isa = XCConfigurationList;
			buildConfigurations = (
				F37AA8092CA17994003A0418 /* Debug */,
				F37AA80A2CA17994003A0418 /* Release */,
			);
			defaultConfigurationIsVisible = 0;
			defaultConfigurationName = Release;
		};
		F37AA80B2CA17994003A0418 /* Build configuration list for PBXNativeTarget "your-spotTests" */ = {
			isa = XCConfigurationList;
			buildConfigurations = (
				F37AA80C2CA17994003A0418 /* Debug */,
				F37AA80D2CA17994003A0418 /* Release */,
			);
			defaultConfigurationIsVisible = 0;
			defaultConfigurationName = Release;
		};
		F37AA80E2CA17994003A0418 /* Build configuration list for PBXNativeTarget "your-spotUITests" */ = {
			isa = XCConfigurationList;
			buildConfigurations = (
				F37AA80F2CA17994003A0418 /* Debug */,
				F37AA8102CA17994003A0418 /* Release */,
			);
			defaultConfigurationIsVisible = 0;
			defaultConfigurationName = Release;
		};
/* End XCConfigurationList section */
	};
	rootObject = F37AA7DC2CA17992003A0418 /* Project object */;
}
